name: Bootstrap package lockfile

on:
  push:
    branches:
      - phase-15-16-lockfile-bootstrap

permissions:
  contents: write

jobs:
  lockfile:
    runs-on: ubuntu-latest
    steps:
      - uses: actions/checkout@v4
        with:
          fetch-depth: 0
      - uses: actions/setup-node@v4
        with:
          node-version: 24.21.0
      - run: npm install --global npm@11.6.0
      - run: npm install --package-lock-only
      - name: Commit lockfile
        run: |
          if git diff --quiet -- package-lock.json; then
            echo "No lockfile changes."
            exit 0
          fi
          git config user.name "github-actions[bot]"
          git config user.email "41898282+github-actions[bot]@users.noreply.github.com"
          git add package-lock.json
          git commit -m "chore: add authoritative npm lockfile"
          git push
